
Microsoft Visual Studio Solution File, Format Version 12.00
# Visual Studio Version 16
VisualStudioVersion = 16.0.29001.49
MinimumVisualStudioVersion = 10.0.40219.1
Project("{FAE04EC0-301F-11D3-BF4B-00C04F79EFBC}") = "HelloWorld", "HelloWorld\HelloWorld.csproj", "{220FB9B1-7BBA-416C-873A-0DD0B451EF61}"
EndProject
Global
	GlobalSection(SolutionConfigurationPlatforms) = preSolution
		Debug|Any CPU = Debug|Any CPU
		Release|Any CPU = Release|Any CPU
	EndGlobalSection
	GlobalSection(ProjectConfigurationPlatforms) = postSolution
		{220FB9B1-7BBA-416C-873A-0DD0B451EF61}.Debug|Any CPU.ActiveCfg = Debug|Any CPU
		{220FB9B1-7BBA-416C-873A-0DD0B451EF61}.Debug|Any CPU.Build.0 = Debug|Any CPU
		{220FB9B1-7BBA-416C-873A-0DD0B451EF61}.Release|Any CPU.ActiveCfg = Release|Any CPU
		{220FB9B1-7BBA-416C-873A-0DD0B451EF61}.Release|Any CPU.Build.0 = Release|Any CPU
	EndGlobalSection
	GlobalSection(SolutionProperties) = preSolution
		HideSolutionNode = FALSE
	EndGlobalSection
	GlobalSection(ExtensibilityGlobals) = postSolution
		SolutionGuid = {17F9CDAB-877C-4AA1-8C52-D07A4FD05C5F}
	EndGlobalSection
EndGlobal
