
Microsoft Visual Studio Solution File, Format Version 12.00
# Visual Studio Version 16
VisualStudioVersion = 16.0.29001.49
MinimumVisualStudioVersion = 10.0.40219.1
Project("{FAE04EC0-301F-11D3-BF4B-00C04F79EFBC}") = "UnderstandingArrays", "UnderstandingArrays\UnderstandingArrays.csproj", "{EEC1BAD9-0CD2-404E-AD44-1FD62602A2C1}"
EndProject
Global
	GlobalSection(SolutionConfigurationPlatforms) = preSolution
		Debug|Any CPU = Debug|Any CPU
		Release|Any CPU = Release|Any CPU
	EndGlobalSection
	GlobalSection(ProjectConfigurationPlatforms) = postSolution
		{EEC1BAD9-0CD2-404E-AD44-1FD62602A2C1}.Debug|Any CPU.ActiveCfg = Debug|Any CPU
		{EEC1BAD9-0CD2-404E-AD44-1FD62602A2C1}.Debug|Any CPU.Build.0 = Debug|Any CPU
		{EEC1BAD9-0CD2-404E-AD44-1FD62602A2C1}.Release|Any CPU.ActiveCfg = Release|Any CPU
		{EEC1BAD9-0CD2-404E-AD44-1FD62602A2C1}.Release|Any CPU.Build.0 = Release|Any CPU
	EndGlobalSection
	GlobalSection(SolutionProperties) = preSolution
		HideSolutionNode = FALSE
	EndGlobalSection
	GlobalSection(ExtensibilityGlobals) = postSolution
		SolutionGuid = {8EFF172B-3A8F-4BA4-911F-9F1A32FFD501}
	EndGlobalSection
EndGlobal
