
Microsoft Visual Studio Solution File, Format Version 12.00
# Visual Studio Version 16
VisualStudioVersion = 16.0.29001.49
MinimumVisualStudioVersion = 10.0.40219.1
Project("{FAE04EC0-301F-11D3-BF4B-00C04F79EFBC}") = "Variables", "Variables\Variables.csproj", "{3096607C-2055-40EC-AFA7-D49209958417}"
EndProject
Global
	GlobalSection(SolutionConfigurationPlatforms) = preSolution
		Debug|Any CPU = Debug|Any CPU
		Release|Any CPU = Release|Any CPU
	EndGlobalSection
	GlobalSection(ProjectConfigurationPlatforms) = postSolution
		{3096607C-2055-40EC-AFA7-D49209958417}.Debug|Any CPU.ActiveCfg = Debug|Any CPU
		{3096607C-2055-40EC-AFA7-D49209958417}.Debug|Any CPU.Build.0 = Debug|Any CPU
		{3096607C-2055-40EC-AFA7-D49209958417}.Release|Any CPU.ActiveCfg = Release|Any CPU
		{3096607C-2055-40EC-AFA7-D49209958417}.Release|Any CPU.Build.0 = Release|Any CPU
	EndGlobalSection
	GlobalSection(SolutionProperties) = preSolution
		HideSolutionNode = FALSE
	EndGlobalSection
	GlobalSection(ExtensibilityGlobals) = postSolution
		SolutionGuid = {F0725728-ACF9-4697-BD92-B7F9ADAAD78D}
	EndGlobalSection
EndGlobal
