
Microsoft Visual Studio Solution File, Format Version 12.00
# Visual Studio Version 16
VisualStudioVersion = 16.0.29001.49
MinimumVisualStudioVersion = 10.0.40219.1
Project("{FAE04EC0-301F-11D3-BF4B-00C04F79EFBC}") = "WorkingWithStrings", "WorkingWithStrings\WorkingWithStrings.csproj", "{E4D014F7-E1E8-4D1F-A330-07BBB6F51AAA}"
EndProject
Global
	GlobalSection(SolutionConfigurationPlatforms) = preSolution
		Debug|Any CPU = Debug|Any CPU
		Release|Any CPU = Release|Any CPU
	EndGlobalSection
	GlobalSection(ProjectConfigurationPlatforms) = postSolution
		{E4D014F7-E1E8-4D1F-A330-07BBB6F51AAA}.Debug|Any CPU.ActiveCfg = Debug|Any CPU
		{E4D014F7-E1E8-4D1F-A330-07BBB6F51AAA}.Debug|Any CPU.Build.0 = Debug|Any CPU
		{E4D014F7-E1E8-4D1F-A330-07BBB6F51AAA}.Release|Any CPU.ActiveCfg = Release|Any CPU
		{E4D014F7-E1E8-4D1F-A330-07BBB6F51AAA}.Release|Any CPU.Build.0 = Release|Any CPU
	EndGlobalSection
	GlobalSection(SolutionProperties) = preSolution
		HideSolutionNode = FALSE
	EndGlobalSection
	GlobalSection(ExtensibilityGlobals) = postSolution
		SolutionGuid = {86BD9733-0E9C-458B-A7CE-35B2AAEC4F57}
	EndGlobalSection
EndGlobal
